{
  "nodes": {
    "flake-utils": {
      "inputs": {
        "systems": "systems"
      },
      "locked": {
        "lastModified": 1731533236,
        "narHash": "sha256-l0KFg5HjrsfsO/JpG+r7fRrqm12kzFHyUHqHCVpMMbI=",
        "owner": "numtide",
        "repo": "flake-utils",
        "rev": "11707dc2f618dd54ca8739b309ec4fc024de578b",
        "type": "github"
      },
      "original": {
        "owner": "numtide",
        "repo": "flake-utils",
        "type": "github"
      }
    },
    "medium": {
      "flake": false,
      "locked": {
        "lastModified": 1767163888,
        "narHash": "sha256-8ypl0P+vS39r6TaZHL4m5V3TTGHX97AQ5NTSKztx008=",
        "owner": "pallets",
        "repo": "click",
        "rev": "cdab890e57a30a9f437b88ce9652f7bfce980c1f",
        "type": "github"
      },
      "original": {
        "owner": "pallets",
        "repo": "click",
        "type": "github"
      }
    },
    "nixpkgs": {
      "locked": {
        "lastModified": 1773734432,
        "narHash": "sha256-IF5ppUWh6gHGHYDbtVUyhwy/i7D261P7fWD1bPefOsw=",
        "owner": "nixos",
        "repo": "nixpkgs",
        "rev": "cda48547b432e8d3b18b4180ba07473762ec8558",
        "type": "github"
      },
      "original": {
        "owner": "nixos",
        "ref": "nixos-unstable",
        "repo": "nixpkgs",
        "type": "github"
      }
    },
    "root": {
      "inputs": {
        "flake-utils": "flake-utils",
        "medium": "medium",
        "nixpkgs": "nixpkgs",
        "small": "small"
      }
    },
    "small": {
      "flake": false,
      "locked": {
        "lastModified": 1749933342,
        "narHash": "sha256-5n8WD1A/Bh15iLmOsM1pyB9UTc35NWedLMH4gClxOvE=",
        "owner": "pallets",
        "repo": "itsdangerous",
        "rev": "672971d66a2ef9f85151e53283113f33d642dabd",
        "type": "github"
      },
      "original": {
        "owner": "pallets",
        "repo": "itsdangerous",
        "type": "github"
      }
    },
    "systems": {
      "locked": {
        "lastModified": 1681028828,
        "narHash": "sha256-Vy1rq5AaRuLzOxct8nz4T6wlgyUR7zLU309k9mBC768=",
        "owner": "nix-systems",
        "repo": "default",
        "rev": "da67096a3b9bf56a91d16901293e51ba5b49a27e",
        "type": "github"
      },
      "original": {
        "owner": "nix-systems",
        "repo": "default",
        "type": "github"
      }
    }
  },
  "root": "root",
  "version": 7
}
